
Microsoft Visual Studio Solution File, Format Version 10.00
# Visual Studio 2008
Project("{8BC9CEB8-8B4A-11D0-8D11-00A0C91BC942}") = "proxy_url", "proxy_url\proxy_url.vcproj", "{E6132E82-79CD-4E0C-AADC-B0E232305CF9}"
EndProject
Project("{8BC9CEB8-8B4A-11D0-8D11-00A0C91BC942}") = "string", "string\string.vcproj", "{E255957D-F047-482B-9D6D-4259B1A8CA0B}"
EndProject
Project("{8BC9CEB8-8B4A-11D0-8D11-00A0C91BC942}") = "vector", "vector\vector.vcproj", "{367BF36F-0FF1-44B7-B516-B8573FDC2FF2}"
EndProject
Project("{8BC9CEB8-8B4A-11D0-8D11-00A0C91BC942}") = "ini_parser", "ini_parser\ini_parser.vcproj", "{0015C9A5-4461-4B65-912C-B098E377C004}"
EndProject
Project("{2150E333-8FDC-42A3-9474-1A3956D46DE8}") = "Solution Items", "Solution Items", "{DDFE890F-3652-48DD-91EF-06C1B03010A9}"
	ProjectSection(SolutionItems) = preProject
		README.md = README.md
	EndProjectSection
EndProject
Global
	GlobalSection(SolutionConfigurationPlatforms) = preSolution
		Debug|Win32 = Debug|Win32
		Release|Win32 = Release|Win32
	EndGlobalSection
	GlobalSection(ProjectConfigurationPlatforms) = postSolution
		{E6132E82-79CD-4E0C-AADC-B0E232305CF9}.Debug|Win32.ActiveCfg = Debug|Win32
		{E6132E82-79CD-4E0C-AADC-B0E232305CF9}.Debug|Win32.Build.0 = Debug|Win32
		{E6132E82-79CD-4E0C-AADC-B0E232305CF9}.Release|Win32.ActiveCfg = Release|Win32
		{E6132E82-79CD-4E0C-AADC-B0E232305CF9}.Release|Win32.Build.0 = Release|Win32
		{E255957D-F047-482B-9D6D-4259B1A8CA0B}.Debug|Win32.ActiveCfg = Debug|Win32
		{E255957D-F047-482B-9D6D-4259B1A8CA0B}.Debug|Win32.Build.0 = Debug|Win32
		{E255957D-F047-482B-9D6D-4259B1A8CA0B}.Release|Win32.ActiveCfg = Release|Win32
		{E255957D-F047-482B-9D6D-4259B1A8CA0B}.Release|Win32.Build.0 = Release|Win32
		{367BF36F-0FF1-44B7-B516-B8573FDC2FF2}.Debug|Win32.ActiveCfg = Debug|Win32
		{367BF36F-0FF1-44B7-B516-B8573FDC2FF2}.Debug|Win32.Build.0 = Debug|Win32
		{367BF36F-0FF1-44B7-B516-B8573FDC2FF2}.Release|Win32.ActiveCfg = Release|Win32
		{367BF36F-0FF1-44B7-B516-B8573FDC2FF2}.Release|Win32.Build.0 = Release|Win32
		{0015C9A5-4461-4B65-912C-B098E377C004}.Debug|Win32.ActiveCfg = Debug|Win32
		{0015C9A5-4461-4B65-912C-B098E377C004}.Debug|Win32.Build.0 = Debug|Win32
		{0015C9A5-4461-4B65-912C-B098E377C004}.Release|Win32.ActiveCfg = Release|Win32
		{0015C9A5-4461-4B65-912C-B098E377C004}.Release|Win32.Build.0 = Release|Win32
	EndGlobalSection
	GlobalSection(SolutionProperties) = preSolution
		HideSolutionNode = FALSE
	EndGlobalSection
EndGlobal
