
Microsoft Visual Studio Solution File, Format Version 10.00
# Visual Studio 2008
Project("{8BC9CEB8-8B4A-11D0-8D11-00A0C91BC942}") = "proxy_url", "proxy_url.vcproj", "{E6132E82-79CD-4E0C-AADC-B0E232305CF9}"
EndProject
Global
	GlobalSection(SolutionConfigurationPlatforms) = preSolution
		Debug|Win32 = Debug|Win32
		Release|Win32 = Release|Win32
	EndGlobalSection
	GlobalSection(ProjectConfigurationPlatforms) = postSolution
		{E6132E82-79CD-4E0C-AADC-B0E232305CF9}.Debug|Win32.ActiveCfg = Debug|Win32
		{E6132E82-79CD-4E0C-AADC-B0E232305CF9}.Debug|Win32.Build.0 = Debug|Win32
		{E6132E82-79CD-4E0C-AADC-B0E232305CF9}.Release|Win32.ActiveCfg = Release|Win32
		{E6132E82-79CD-4E0C-AADC-B0E232305CF9}.Release|Win32.Build.0 = Release|Win32
	EndGlobalSection
	GlobalSection(SolutionProperties) = preSolution
		HideSolutionNode = FALSE
	EndGlobalSection
EndGlobal
